
Microsoft Visual Studio Solution File, Format Version 12.00
# Visual Studio Version 17
VisualStudioVersion = 17.11.35312.102
MinimumVisualStudioVersion = 10.0.40219.1
Project("{9A19103F-16F7-4668-BE54-9A1E7A4F7556}") = "TableinatorMAUIApp", "TableinatorMAUIApp.csproj", "{9DB41E2C-2742-4DCB-8A6F-FAD717A06CF8}"
	ProjectSection(ProjectDependencies) = postProject
		{9EA4791C-FA44-41A2-9978-75BF3D9851C4} = {9EA4791C-FA44-41A2-9978-75BF3D9851C4}
	EndProjectSection
EndProject
Project("{9A19103F-16F7-4668-BE54-9A1E7A4F7556}") = "TableParser", "..\TableParser\TableParser.csproj", "{9EA4791C-FA44-41A2-9978-75BF3D9851C4}"
EndProject
Project("{9A19103F-16F7-4668-BE54-9A1E7A4F7556}") = "Tests", "..\Tests\Tests.csproj", "{C3697589-41BB-4B16-97C4-657E09A14C59}"
EndProject
Project("{2150E333-8FDC-42A3-9474-1A3956D46DE8}") = "Solution Items", "Solution Items", "{B16C4B46-D438-4935-B1D7-4EEE12077890}"
	ProjectSection(SolutionItems) = preProject
		.gitignore = .gitignore
	EndProjectSection
EndProject
Global
	GlobalSection(SolutionConfigurationPlatforms) = preSolution
		Debug|Any CPU = Debug|Any CPU
		Release|Any CPU = Release|Any CPU
	EndGlobalSection
	GlobalSection(ProjectConfigurationPlatforms) = postSolution
		{9DB41E2C-2742-4DCB-8A6F-FAD717A06CF8}.Debug|Any CPU.ActiveCfg = Debug|Any CPU
		{9DB41E2C-2742-4DCB-8A6F-FAD717A06CF8}.Debug|Any CPU.Build.0 = Debug|Any CPU
		{9DB41E2C-2742-4DCB-8A6F-FAD717A06CF8}.Debug|Any CPU.Deploy.0 = Debug|Any CPU
		{9DB41E2C-2742-4DCB-8A6F-FAD717A06CF8}.Release|Any CPU.ActiveCfg = Release|Any CPU
		{9DB41E2C-2742-4DCB-8A6F-FAD717A06CF8}.Release|Any CPU.Build.0 = Release|Any CPU
		{9DB41E2C-2742-4DCB-8A6F-FAD717A06CF8}.Release|Any CPU.Deploy.0 = Release|Any CPU
		{9EA4791C-FA44-41A2-9978-75BF3D9851C4}.Debug|Any CPU.ActiveCfg = Debug|Any CPU
		{9EA4791C-FA44-41A2-9978-75BF3D9851C4}.Debug|Any CPU.Build.0 = Debug|Any CPU
		{9EA4791C-FA44-41A2-9978-75BF3D9851C4}.Release|Any CPU.ActiveCfg = Release|Any CPU
		{9EA4791C-FA44-41A2-9978-75BF3D9851C4}.Release|Any CPU.Build.0 = Release|Any CPU
		{C3697589-41BB-4B16-97C4-657E09A14C59}.Debug|Any CPU.ActiveCfg = Debug|Any CPU
		{C3697589-41BB-4B16-97C4-657E09A14C59}.Debug|Any CPU.Build.0 = Debug|Any CPU
		{C3697589-41BB-4B16-97C4-657E09A14C59}.Release|Any CPU.ActiveCfg = Release|Any CPU
		{C3697589-41BB-4B16-97C4-657E09A14C59}.Release|Any CPU.Build.0 = Release|Any CPU
	EndGlobalSection
	GlobalSection(SolutionProperties) = preSolution
		HideSolutionNode = FALSE
	EndGlobalSection
	GlobalSection(ExtensibilityGlobals) = postSolution
		SolutionGuid = {F4D4A6C0-975B-4DDB-9DA4-A4F2E58CB269}
	EndGlobalSection
EndGlobal
